# This is a Gradle generated file for dependency locking.
# Manual edits can break the build and are not advised.
# This file is expected to be part of source control.
io.micrometer:micrometer-commons:1.12.3=appianLib
io.micrometer:micrometer-core:1.12.3=appianLib
io.micrometer:micrometer-observation:1.12.3=appianLib
io.micrometer:micrometer-registry-prometheus:1.12.3=appianLib
io.opencensus:opencensus-api:0.31.1=appianLib
org.springframework:spring-expression:6.1.3=appianLib
org.springframework:spring-jdbc:6.1.3=appianLiba
org.springframework:spring-orm:6.1.3=appianLib
org.springframework:spring-tx:6.1.3=appianLib
org.springframework:spring-web:6.1.3=appianLib
org.springframework:spring-webmvc:6.1.3=appianLib
org.springframework.security:spring-security-config:6.0.0=appianLib
org.springframework.security:spring-security-oauth2-client:6.0.0=appianLib
org.yaml:snakeyaml:2.0=appianLib
taglibs:datetime:1.0.1=appianLib
empty=
